
Microsoft Visual Studio Solution File, Format Version 12.00
# Visual Studio Version 17
VisualStudioVersion = 17.10.35013.160
MinimumVisualStudioVersion = 10.0.40219.1
Project("{FAE04EC0-301F-11D3-BF4B-00C04F79EFBC}") = "Movie Database", "Movie Database.csproj", "{7CB9E90A-803E-4ACF-AA1F-BE4D6E5F26EA}"
EndProject
Global
	GlobalSection(SolutionConfigurationPlatforms) = preSolution
		Debug|Any CPU = Debug|Any CPU
		Release|Any CPU = Release|Any CPU
	EndGlobalSection
	GlobalSection(ProjectConfigurationPlatforms) = postSolution
		{7CB9E90A-803E-4ACF-AA1F-BE4D6E5F26EA}.Debug|Any CPU.ActiveCfg = Debug|Any CPU
		{7CB9E90A-803E-4ACF-AA1F-BE4D6E5F26EA}.Debug|Any CPU.Build.0 = Debug|Any CPU
		{7CB9E90A-803E-4ACF-AA1F-BE4D6E5F26EA}.Release|Any CPU.ActiveCfg = Release|Any CPU
		{7CB9E90A-803E-4ACF-AA1F-BE4D6E5F26EA}.Release|Any CPU.Build.0 = Release|Any CPU
	EndGlobalSection
	GlobalSection(SolutionProperties) = preSolution
		HideSolutionNode = FALSE
	EndGlobalSection
	GlobalSection(ExtensibilityGlobals) = postSolution
		SolutionGuid = {85148F38-3A4B-4105-857B-76859F23D86A}
	EndGlobalSection
EndGlobal
